
Microsoft Visual Studio Solution File, Format Version 12.00
# Visual Studio Version 16
VisualStudioVersion = 16.0.30804.86
MinimumVisualStudioVersion = 10.0.40219.1
Project("{FAE04EC0-301F-11D3-BF4B-00C04F79EFBC}") = "ConvenienceStore", "ConvenienceStore\ConvenienceStore.csproj", "{3FFE5648-F601-4F8E-8C34-CE2F3F188B52}"
EndProject
Project("{FAE04EC0-301F-11D3-BF4B-00C04F79EFBC}") = "ConvenienceStore_Tests", "ConvenienceStore_Tests\ConvenienceStore_Tests.csproj", "{D25CD98E-C726-4164-8783-6A980C271CC9}"
EndProject
Global
	GlobalSection(SolutionConfigurationPlatforms) = preSolution
		Debug|Any CPU = Debug|Any CPU
		Release|Any CPU = Release|Any CPU
	EndGlobalSection
	GlobalSection(ProjectConfigurationPlatforms) = postSolution
		{3FFE5648-F601-4F8E-8C34-CE2F3F188B52}.Debug|Any CPU.ActiveCfg = Debug|Any CPU
		{3FFE5648-F601-4F8E-8C34-CE2F3F188B52}.Debug|Any CPU.Build.0 = Debug|Any CPU
		{3FFE5648-F601-4F8E-8C34-CE2F3F188B52}.Release|Any CPU.ActiveCfg = Release|Any CPU
		{3FFE5648-F601-4F8E-8C34-CE2F3F188B52}.Release|Any CPU.Build.0 = Release|Any CPU
		{D25CD98E-C726-4164-8783-6A980C271CC9}.Debug|Any CPU.ActiveCfg = Debug|Any CPU
		{D25CD98E-C726-4164-8783-6A980C271CC9}.Debug|Any CPU.Build.0 = Debug|Any CPU
		{D25CD98E-C726-4164-8783-6A980C271CC9}.Release|Any CPU.ActiveCfg = Release|Any CPU
		{D25CD98E-C726-4164-8783-6A980C271CC9}.Release|Any CPU.Build.0 = Release|Any CPU
	EndGlobalSection
	GlobalSection(SolutionProperties) = preSolution
		HideSolutionNode = FALSE
	EndGlobalSection
	GlobalSection(ExtensibilityGlobals) = postSolution
		SolutionGuid = {DECEC8DC-0067-4E94-B92D-4F5F4397F6A3}
	EndGlobalSection
EndGlobal
